// !$*UTF8*$!
{
       archiveVersion = 1;
       classes = {
       };
       objectVersion = 46;
       objects = {

/* Begin PBXAggregateTarget section */
              70F950404BB34AF8AA132ABA /* ALL_BUILD */ = {
                     isa = PBXAggregateTarget;
                     buildConfigurationList = CE7BAD4E3A3C4072A656A951 /* Build configuration list for PBXAggregateTarget "ALL_BUILD" */;
                     buildPhases = (
                            479E8C9F88804F35824C9F23 /* CMake Rules */,
                     );
                     dependencies = (
                            D073E0773DEB4B3DA7ADC7C9 /* PBXTargetDependency */,
                            4491AC1F3C084680A9F372B0 /* PBXTargetDependency */,
                     );
                     name = ALL_BUILD;
                     productName = ALL_BUILD;
              };
              F11CCD8660F6421D84B28675 /* ZERO_CHECK */ = {
                     isa = PBXAggregateTarget;
                     buildConfigurationList = C0472FE7369A43BFA8F74486 /* Build configuration list for PBXAggregateTarget "ZERO_CHECK" */;
                     buildPhases = (
                            26358D4083604C3B917661F0 /* CMake Rules */,
                     );
                     dependencies = (
                     );
                     name = ZERO_CHECK;
                     productName = ZERO_CHECK;
              };
              547A1EA038254480A3F49C63 /* install */ = {
                     isa = PBXAggregateTarget;
                     buildConfigurationList = 799DEF824AD84694A5DD29DC /* Build configuration list for PBXAggregateTarget "install" */;
                     buildPhases = (
                            D754B1A02BA94D578A156A4B /* CMake PostBuild Rules */,
                     );
                     dependencies = (
                            E307347FC2C2491F8F157904 /* PBXTargetDependency */,
                     );
                     name = install;
                     productName = install;
              };
/* End PBXAggregateTarget section */

/* Begin PBXBuildFile section */
D89C7B071B6B48EEBC1C477D /* /Users/seanashton/Documents/Developer/iOS/dcmtk-3.6.0/dcmtls/libsrc/CMakeLists.txt */ = {isa = PBXBuildFile; fileRef = 240F4DDD24654024A81A1787 /* /Users/seanashton/Documents/Developer/iOS/dcmtk-3.6.0/dcmtls/libsrc/CMakeLists.txt */; settings = { COMPILER_FLAGS = ""; }; };
C1B2FC57835E4BDEA35E0247 /* /Users/seanashton/Documents/Developer/iOS/dcmtk-3.6.0/dcmtls/libsrc/tlslayer.cc */ = {isa = PBXBuildFile; fileRef = C31CE86CDD084D9DADD5783A /* /Users/seanashton/Documents/Developer/iOS/dcmtk-3.6.0/dcmtls/libsrc/tlslayer.cc */; settings = { COMPILER_FLAGS = ""; }; };
BDFDCD6D57864B9DAD783EDA /* /Users/seanashton/Documents/Developer/iOS/dcmtk-3.6.0/dcmtls/libsrc/tlsscu.cc */ = {isa = PBXBuildFile; fileRef = 1FC5CB52811C4C4A87B4A7C3 /* /Users/seanashton/Documents/Developer/iOS/dcmtk-3.6.0/dcmtls/libsrc/tlsscu.cc */; settings = { COMPILER_FLAGS = ""; }; };
7D4991F3441A469D9467CDBA /* /Users/seanashton/Documents/Developer/iOS/dcmtk-3.6.0/dcmtls/libsrc/tlstrans.cc */ = {isa = PBXBuildFile; fileRef = 17FB977B13414562951439E4 /* /Users/seanashton/Documents/Developer/iOS/dcmtk-3.6.0/dcmtls/libsrc/tlstrans.cc */; settings = { COMPILER_FLAGS = ""; }; };
/* End PBXBuildFile section */

/* Begin PBXBuildStyle section */
              DDACA839F1C94A25B98FE8C0 /*  */ = {
                     isa = PBXBuildStyle;
              };
              E5F507FD1CAD475DACFE551A /* Debug */ = {
                     isa = PBXBuildStyle;
                     buildSettings = {
                            COPY_PHASE_STRIP = NO;
                     };
                     name = Debug;
              };
              CBD9421AD5AF4DFEB14B3378 /* Release */ = {
                     isa = PBXBuildStyle;
                     buildSettings = {
                            COPY_PHASE_STRIP = NO;
                     };
                     name = Release;
              };
              F966C89808924293AD9AFA9E /* MinSizeRel */ = {
                     isa = PBXBuildStyle;
                     buildSettings = {
                            COPY_PHASE_STRIP = NO;
                     };
                     name = MinSizeRel;
              };
              14083D379E2040E08DE8CB48 /* RelWithDebInfo */ = {
                     isa = PBXBuildStyle;
                     buildSettings = {
                            COPY_PHASE_STRIP = NO;
                     };
                     name = RelWithDebInfo;
              };
/* End PBXBuildStyle section */

/* Begin PBXContainerItemProxy section */
              492C8388C49F4510B8BC02D3 /* PBXContainerItemProxy */ = {
                     isa = PBXContainerItemProxy;
                     containerPortal = D14DC358FD204C78B9266FA1 /* Project object */;
                     proxyType = 1;
                     remoteGlobalIDString = F11CCD8660F6421D84B28675;
                     remoteInfo = ZERO_CHECK;
              };
              0077F8785FEA4B84B1FD9613 /* PBXContainerItemProxy */ = {
                     isa = PBXContainerItemProxy;
                     containerPortal = D14DC358FD204C78B9266FA1 /* Project object */;
                     proxyType = 1;
                     remoteGlobalIDString = 33593003682C410EAF40A4A0;
                     remoteInfo = dcmtls;
              };
              89FF3A8CB45D4291853C589E /* PBXContainerItemProxy */ = {
                     isa = PBXContainerItemProxy;
                     containerPortal = D14DC358FD204C78B9266FA1 /* Project object */;
                     proxyType = 1;
                     remoteGlobalIDString = 70F950404BB34AF8AA132ABA;
                     remoteInfo = ALL_BUILD;
              };
/* End PBXContainerItemProxy section */

/* Begin PBXFileReference section */
5F5409A5748F432380D6D697 /* /Users/seanashton/Documents/Developer/iOS/dcmtk-3.6.0/dcmtls/CMakeLists.txt */ = {isa = PBXFileReference; explicitFileType = "sourcecode.text"; fileEncoding = 4; name = "CMakeLists.txt"; path = "CMakeLists.txt"; sourceTree = SOURCE_ROOT; };
B1CE1DC01258485A802FD144 /* /Users/seanashton/Documents/Developer/iOS/dcmtk-3.6.0/dcmtls/CMakeLists.txt */ = {isa = PBXFileReference; explicitFileType = "sourcecode.text"; fileEncoding = 4; name = "CMakeLists.txt"; path = "CMakeLists.txt"; sourceTree = SOURCE_ROOT; };
240F4DDD24654024A81A1787 /* /Users/seanashton/Documents/Developer/iOS/dcmtk-3.6.0/dcmtls/libsrc/CMakeLists.txt */ = {isa = PBXFileReference; explicitFileType = "sourcecode.text"; fileEncoding = 4; name = "CMakeLists.txt"; path = "libsrc/CMakeLists.txt"; sourceTree = SOURCE_ROOT; };
C31CE86CDD084D9DADD5783A /* /Users/seanashton/Documents/Developer/iOS/dcmtk-3.6.0/dcmtls/libsrc/tlslayer.cc */ = {isa = PBXFileReference; explicitFileType = "sourcecode.cpp.cpp"; fileEncoding = 4; name = "tlslayer.cc"; path = "libsrc/tlslayer.cc"; sourceTree = SOURCE_ROOT; };
1FC5CB52811C4C4A87B4A7C3 /* /Users/seanashton/Documents/Developer/iOS/dcmtk-3.6.0/dcmtls/libsrc/tlsscu.cc */ = {isa = PBXFileReference; explicitFileType = "sourcecode.cpp.cpp"; fileEncoding = 4; name = "tlsscu.cc"; path = "libsrc/tlsscu.cc"; sourceTree = SOURCE_ROOT; };
17FB977B13414562951439E4 /* /Users/seanashton/Documents/Developer/iOS/dcmtk-3.6.0/dcmtls/libsrc/tlstrans.cc */ = {isa = PBXFileReference; explicitFileType = "sourcecode.cpp.cpp"; fileEncoding = 4; name = "tlstrans.cc"; path = "libsrc/tlstrans.cc"; sourceTree = SOURCE_ROOT; };
0CFE0912F22F460BBD165ABB /* dcmtls */ = {isa = PBXFileReference; explicitFileType = "archive.ar"; path = "libdcmtls.a"; refType = 0; sourceTree = BUILT_PRODUCTS_DIR; };
/* End PBXFileReference section */

/* Begin PBXGroup section */
              FD0E0F2BD6A9410CB7840C3D  = {
                     isa = PBXGroup;
                     children = (
                            A0B51B6815994DE8A7F54494 /* Sources */,
                            19E741A6185D48A59B699FAB /* Resources */,
                            2AF4CD6D140B4EF1A88050DE /* Products */,
                     );
                     sourceTree = "<group>";
              };
              A0B51B6815994DE8A7F54494 /* Sources */ = {
                     isa = PBXGroup;
                     children = (
                            2707D9FC19414ECC816C4106 /* ALL_BUILD */,
                            5C33D1912B0D4858B2F10DF5 /* ZERO_CHECK */,
                            21F585A10EA040D0AD6B5E5F /* dcmtls */,
                     );
                     name = Sources;
                     sourceTree = "<group>";
              };
              19E741A6185D48A59B699FAB /* Resources */ = {
                     isa = PBXGroup;
                     children = (
                     );
                     name = Resources;
                     sourceTree = "<group>";
              };
              2707D9FC19414ECC816C4106 /* ALL_BUILD */ = {
                     isa = PBXGroup;
                     children = (
                            FFD088407F5349D68AD76770 /* CMake Rules */,
                            5F5409A5748F432380D6D697 /* /Users/seanashton/Documents/Developer/iOS/dcmtk-3.6.0/dcmtls/CMakeLists.txt */,
                     );
                     name = ALL_BUILD;
                     sourceTree = "<group>";
              };
              FFD088407F5349D68AD76770 /* CMake Rules */ = {
                     isa = PBXGroup;
                     children = (
                     );
                     name = "CMake Rules";
                     sourceTree = "<group>";
              };
              5C33D1912B0D4858B2F10DF5 /* ZERO_CHECK */ = {
                     isa = PBXGroup;
                     children = (
                            67C1D26F0878416D8C6C7A08 /* CMake Rules */,
                            B1CE1DC01258485A802FD144 /* /Users/seanashton/Documents/Developer/iOS/dcmtk-3.6.0/dcmtls/CMakeLists.txt */,
                     );
                     name = ZERO_CHECK;
                     sourceTree = "<group>";
              };
              67C1D26F0878416D8C6C7A08 /* CMake Rules */ = {
                     isa = PBXGroup;
                     children = (
                     );
                     name = "CMake Rules";
                     sourceTree = "<group>";
              };
              21F585A10EA040D0AD6B5E5F /* dcmtls */ = {
                     isa = PBXGroup;
                     children = (
                            B0CB779B5CFE4961B26F1A16 /* Source Files */,
                            240F4DDD24654024A81A1787 /* /Users/seanashton/Documents/Developer/iOS/dcmtk-3.6.0/dcmtls/libsrc/CMakeLists.txt */,
                     );
                     name = dcmtls;
                     sourceTree = "<group>";
              };
              B0CB779B5CFE4961B26F1A16 /* Source Files */ = {
                     isa = PBXGroup;
                     children = (
                            C31CE86CDD084D9DADD5783A /* /Users/seanashton/Documents/Developer/iOS/dcmtk-3.6.0/dcmtls/libsrc/tlslayer.cc */,
                            1FC5CB52811C4C4A87B4A7C3 /* /Users/seanashton/Documents/Developer/iOS/dcmtk-3.6.0/dcmtls/libsrc/tlsscu.cc */,
                            17FB977B13414562951439E4 /* /Users/seanashton/Documents/Developer/iOS/dcmtk-3.6.0/dcmtls/libsrc/tlstrans.cc */,
                     );
                     name = "Source Files";
                     sourceTree = "<group>";
              };
              2AF4CD6D140B4EF1A88050DE /* Products */ = {
                     isa = PBXGroup;
                     children = (
                            0CFE0912F22F460BBD165ABB /* dcmtls */,
                     );
                     name = Products;
                     sourceTree = "<group>";
              };
/* End PBXGroup section */

/* Begin PBXNativeTarget section */
              33593003682C410EAF40A4A0 /* dcmtls */ = {
                     isa = PBXNativeTarget;
                     buildConfigurationList = F1348AE1867E4550AB430680 /* Build configuration list for PBXNativeTarget "dcmtls" */;
                     buildPhases = (
                            194C5EC3108E4213B2B69EDC /* Sources */,
                     );
                     buildRules = (
                     );
                     dependencies = (
                     );
                     name = dcmtls;
                     productName = dcmtls;
                     productReference = 0CFE0912F22F460BBD165ABB /* dcmtls */;
                     productType = "com.apple.product-type.library.static";
              };
/* End PBXNativeTarget section */

/* Begin PBXProject section */
              D14DC358FD204C78B9266FA1 /* Project object */ = {
                     isa = PBXProject;
                     attributes = {
                            BuildIndependentTargetsInParallel = YES;
                     };
                     buildConfigurationList = 57CE23FD9EA641AAA9039A53 /* Build configuration list for PBXProject  "dcmtls" */;
                     buildSettings = {
                     };
                     buildStyles = (
                            E5F507FD1CAD475DACFE551A /* Debug */,
                            CBD9421AD5AF4DFEB14B3378 /* Release */,
                            F966C89808924293AD9AFA9E /* MinSizeRel */,
                            14083D379E2040E08DE8CB48 /* RelWithDebInfo */,
                     );
                     compatibilityVersion = "Xcode 3.2";
                     hasScannedForEncodings = 0;
                     mainGroup = FD0E0F2BD6A9410CB7840C3D;
                     projectDirPath = "../../dcmtls";
                     projectRoot = "";
                     targets = (
                            70F950404BB34AF8AA132ABA /* ALL_BUILD */,
                            F11CCD8660F6421D84B28675 /* ZERO_CHECK */,
                            547A1EA038254480A3F49C63 /* install */,
                            33593003682C410EAF40A4A0 /* dcmtls */,
                     );
              };
/* End PBXProject section */

/* Begin PBXShellScriptBuildPhase section */
              0F18ADD770E84FA581711832 /*  */ = {
                     isa = PBXShellScriptBuildPhase;
                     buildActionMask = 2147483647;
                     files = (
                     );
                     inputPaths = (
                     );
                     outputPaths = (
                     );
                     runOnlyForDeploymentPostprocessing = 0;
                     shellPath = /bin/sh;
                     shellScript = "# shell script goes here
exit 0";
                     showEnvVarsInLog = 0;
              };
              479E8C9F88804F35824C9F23 /* CMake Rules */ = {
                     isa = PBXShellScriptBuildPhase;
                     buildActionMask = 2147483647;
                     files = (
                     );
                     name = "CMake Rules";
                     runOnlyForDeploymentPostprocessing = 0;
                     shellPath = /bin/sh;
                     shellScript = "make -C /Users/seanashton/Documents/Developer/iOS/dcmtk-3.6.0/xcode/dcmtls -f /Users/seanashton/Documents/Developer/iOS/dcmtk-3.6.0/xcode/dcmtls/CMakeScripts/ALL_BUILD_cmakeRulesBuildPhase.make$CONFIGURATION all";
                     showEnvVarsInLog = 0;
              };
              DDBA8C70366741229DDF328A /*  */ = {
                     isa = PBXShellScriptBuildPhase;
                     buildActionMask = 2147483647;
                     files = (
                     );
                     inputPaths = (
                     );
                     outputPaths = (
                     );
                     runOnlyForDeploymentPostprocessing = 0;
                     shellPath = /bin/sh;
                     shellScript = "# shell script goes here
exit 0";
                     showEnvVarsInLog = 0;
              };
              26358D4083604C3B917661F0 /* CMake Rules */ = {
                     isa = PBXShellScriptBuildPhase;
                     buildActionMask = 2147483647;
                     files = (
                     );
                     name = "CMake Rules";
                     runOnlyForDeploymentPostprocessing = 0;
                     shellPath = /bin/sh;
                     shellScript = "make -C /Users/seanashton/Documents/Developer/iOS/dcmtk-3.6.0/xcode/dcmtls -f /Users/seanashton/Documents/Developer/iOS/dcmtk-3.6.0/xcode/dcmtls/CMakeScripts/ZERO_CHECK_cmakeRulesBuildPhase.make$CONFIGURATION all";
                     showEnvVarsInLog = 0;
              };
              596A1E2922AE4F6AA61D5428 /*  */ = {
                     isa = PBXShellScriptBuildPhase;
                     buildActionMask = 2147483647;
                     files = (
                     );
                     inputPaths = (
                     );
                     outputPaths = (
                     );
                     runOnlyForDeploymentPostprocessing = 0;
                     shellPath = /bin/sh;
                     shellScript = "# shell script goes here
exit 0";
                     showEnvVarsInLog = 0;
              };
              D754B1A02BA94D578A156A4B /* CMake PostBuild Rules */ = {
                     isa = PBXShellScriptBuildPhase;
                     buildActionMask = 2147483647;
                     files = (
                     );
                     name = "CMake PostBuild Rules";
                     runOnlyForDeploymentPostprocessing = 0;
                     shellPath = /bin/sh;
                     shellScript = "make -C /Users/seanashton/Documents/Developer/iOS/dcmtk-3.6.0/xcode/dcmtls -f /Users/seanashton/Documents/Developer/iOS/dcmtk-3.6.0/xcode/dcmtls/CMakeScripts/install_postBuildPhase.make$CONFIGURATION all";
                     showEnvVarsInLog = 0;
              };
/* End PBXShellScriptBuildPhase section */

/* Begin PBXSourcesBuildPhase section */
              194C5EC3108E4213B2B69EDC /* Sources */ = {
                     isa = PBXSourcesBuildPhase;
                     buildActionMask = 2147483647;
                     files = (
                            C1B2FC57835E4BDEA35E0247 /* /Users/seanashton/Documents/Developer/iOS/dcmtk-3.6.0/dcmtls/libsrc/tlslayer.cc */,
                            BDFDCD6D57864B9DAD783EDA /* /Users/seanashton/Documents/Developer/iOS/dcmtk-3.6.0/dcmtls/libsrc/tlsscu.cc */,
                            7D4991F3441A469D9467CDBA /* /Users/seanashton/Documents/Developer/iOS/dcmtk-3.6.0/dcmtls/libsrc/tlstrans.cc */,
                     );
                     runOnlyForDeploymentPostprocessing = 0;
              };
/* End PBXSourcesBuildPhase section */

/* Begin PBXTargetDependency section */
              D073E0773DEB4B3DA7ADC7C9 /* PBXTargetDependency */ = {
                     isa = PBXTargetDependency;
                     target = F11CCD8660F6421D84B28675 /* ZERO_CHECK */;
                     targetProxy = 492C8388C49F4510B8BC02D3 /* PBXContainerItemProxy */;
              };
              4491AC1F3C084680A9F372B0 /* PBXTargetDependency */ = {
                     isa = PBXTargetDependency;
                     target = 33593003682C410EAF40A4A0 /* dcmtls */;
                     targetProxy = 0077F8785FEA4B84B1FD9613 /* PBXContainerItemProxy */;
              };
              E307347FC2C2491F8F157904 /* PBXTargetDependency */ = {
                     isa = PBXTargetDependency;
                     target = 70F950404BB34AF8AA132ABA /* ALL_BUILD */;
                     targetProxy = 89FF3A8CB45D4291853C589E /* PBXContainerItemProxy */;
              };
/* End PBXTargetDependency section */

/* Begin XCBuildConfiguration section */
              5BCC222269FE4708995160F1 /* Debug */ = {
                     isa = XCBuildConfiguration;
                     buildSettings = {
                            ARCHS = "$(ARCHS_STANDARD_32_64_BIT)";
                            ONLY_ACTIVE_ARCH = YES;
                            SDKROOT = "/Applications/Xcode.app/Contents/Developer/Platforms/MacOSX.platform/Developer/SDKs/MacOSX10.10.sdk";
                            SYMROOT = "/Users/seanashton/Documents/Developer/iOS/dcmtk-3.6.0/xcode/dcmtls/build";
                     };
                     name = Debug;
              };
              F2F7CD82FA2444A28C298AE0 /* Release */ = {
                     isa = XCBuildConfiguration;
                     buildSettings = {
                            ARCHS = "$(ARCHS_STANDARD_32_64_BIT)";
                            ONLY_ACTIVE_ARCH = YES;
                            SDKROOT = "/Applications/Xcode.app/Contents/Developer/Platforms/MacOSX.platform/Developer/SDKs/MacOSX10.10.sdk";
                            SYMROOT = "/Users/seanashton/Documents/Developer/iOS/dcmtk-3.6.0/xcode/dcmtls/build";
                     };
                     name = Release;
              };
              B21F82F7109045838868F37D /* MinSizeRel */ = {
                     isa = XCBuildConfiguration;
                     buildSettings = {
                            ARCHS = "$(ARCHS_STANDARD_32_64_BIT)";
                            ONLY_ACTIVE_ARCH = YES;
                            SDKROOT = "/Applications/Xcode.app/Contents/Developer/Platforms/MacOSX.platform/Developer/SDKs/MacOSX10.10.sdk";
                            SYMROOT = "/Users/seanashton/Documents/Developer/iOS/dcmtk-3.6.0/xcode/dcmtls/build";
                     };
                     name = MinSizeRel;
              };
              05D4D5B2E7664DDFB4D88A9B /* RelWithDebInfo */ = {
                     isa = XCBuildConfiguration;
                     buildSettings = {
                            ARCHS = "$(ARCHS_STANDARD_32_64_BIT)";
                            ONLY_ACTIVE_ARCH = YES;
                            SDKROOT = "/Applications/Xcode.app/Contents/Developer/Platforms/MacOSX.platform/Developer/SDKs/MacOSX10.10.sdk";
                            SYMROOT = "/Users/seanashton/Documents/Developer/iOS/dcmtk-3.6.0/xcode/dcmtls/build";
                     };
                     name = RelWithDebInfo;
              };
              6138B06443B54418A9F6E4A2 /* Debug */ = {
                     isa = XCBuildConfiguration;
                     buildSettings = {
                            COMBINE_HIDPI_IMAGES = YES;
                            GCC_GENERATE_DEBUGGING_SYMBOLS = NO;
                            GCC_INLINES_ARE_PRIVATE_EXTERN = NO;
                            GCC_OPTIMIZATION_LEVEL = 0;
                            GCC_PREPROCESSOR_DEFINITIONS = ("'CMAKE_INTDIR=\"$(CONFIGURATION)$(EFFECTIVE_PLATFORM_NAME)\"'", USE_NULL_SAFE_OFSTRING, );
                            GCC_SYMBOLS_PRIVATE_EXTERN = NO;
                            HEADER_SEARCH_PATHS = ("/Users/seanashton/Documents/Developer/iOS/dcmtk-3.6.0/xcode/include", "/Users/seanashton/Documents/Developer/iOS/dcmtk-3.6.0/ofstd/include", "/Users/seanashton/Documents/Developer/iOS/dcmtk-3.6.0/oflog/include", "/Users/seanashton/Documents/Developer/iOS/dcmtk-3.6.0/dcmdata/include", "/Users/seanashton/Documents/Developer/iOS/dcmtk-3.6.0/dcmimgle/include", "/Users/seanashton/Documents/Developer/iOS/dcmtk-3.6.0/dcmimage/include", "/Users/seanashton/Documents/Developer/iOS/dcmtk-3.6.0/dcmjpeg/libijg8", "/Users/seanashton/Documents/Developer/iOS/dcmtk-3.6.0/dcmjpeg/libijg12", "/Users/seanashton/Documents/Developer/iOS/dcmtk-3.6.0/dcmjpeg/libijg16", "/Users/seanashton/Documents/Developer/iOS/dcmtk-3.6.0/dcmjpeg/include", "/Users/seanashton/Documents/Developer/iOS/dcmtk-3.6.0/dcmjpls/include", "/Users/seanashton/Documents/Developer/iOS/dcmtk-3.6.0/dcmnet/include", "/Users/seanashton/Documents/Developer/iOS/dcmtk-3.6.0/dcmpstat/include", "/Users/seanashton/Documents/Developer/iOS/dcmtk-3.6.0/dcmqrdb/include", "/Users/seanashton/Documents/Developer/iOS/dcmtk-3.6.0/dcmsign/include", "/Users/seanashton/Documents/Developer/iOS/dcmtk-3.6.0/dcmsr/include", "/Users/seanashton/Documents/Developer/iOS/dcmtk-3.6.0/dcmtls/include", "/Users/seanashton/Documents/Developer/iOS/dcmtk-3.6.0/dcmwlm/include", );
                            INSTALL_PATH = "";
                            OTHER_CFLAGS = "  ";
                            OTHER_LDFLAGS = " ";
                            OTHER_REZFLAGS = "";
                            PRODUCT_NAME = ALL_BUILD;
                            SECTORDER_FLAGS = "";
                            SYMROOT = "/Users/seanashton/Documents/Developer/iOS/dcmtk-3.6.0/xcode/dcmtls";
                            USE_HEADERMAP = NO;
                            WARNING_CFLAGS = ("-Wmost", "-Wno-four-char-constants", "-Wno-unknown-pragmas", "$(inherited)", );
                     };
                     name = Debug;
              };
              7F7B708FDA414F7DB165943D /* Release */ = {
                     isa = XCBuildConfiguration;
                     buildSettings = {
                            COMBINE_HIDPI_IMAGES = YES;
                            GCC_GENERATE_DEBUGGING_SYMBOLS = NO;
                            GCC_INLINES_ARE_PRIVATE_EXTERN = NO;
                            GCC_OPTIMIZATION_LEVEL = 0;
                            GCC_PREPROCESSOR_DEFINITIONS = ("'CMAKE_INTDIR=\"$(CONFIGURATION)$(EFFECTIVE_PLATFORM_NAME)\"'", USE_NULL_SAFE_OFSTRING, );
                            GCC_SYMBOLS_PRIVATE_EXTERN = NO;
                            HEADER_SEARCH_PATHS = ("/Users/seanashton/Documents/Developer/iOS/dcmtk-3.6.0/xcode/include", "/Users/seanashton/Documents/Developer/iOS/dcmtk-3.6.0/ofstd/include", "/Users/seanashton/Documents/Developer/iOS/dcmtk-3.6.0/oflog/include", "/Users/seanashton/Documents/Developer/iOS/dcmtk-3.6.0/dcmdata/include", "/Users/seanashton/Documents/Developer/iOS/dcmtk-3.6.0/dcmimgle/include", "/Users/seanashton/Documents/Developer/iOS/dcmtk-3.6.0/dcmimage/include", "/Users/seanashton/Documents/Developer/iOS/dcmtk-3.6.0/dcmjpeg/libijg8", "/Users/seanashton/Documents/Developer/iOS/dcmtk-3.6.0/dcmjpeg/libijg12", "/Users/seanashton/Documents/Developer/iOS/dcmtk-3.6.0/dcmjpeg/libijg16", "/Users/seanashton/Documents/Developer/iOS/dcmtk-3.6.0/dcmjpeg/include", "/Users/seanashton/Documents/Developer/iOS/dcmtk-3.6.0/dcmjpls/include", "/Users/seanashton/Documents/Developer/iOS/dcmtk-3.6.0/dcmnet/include", "/Users/seanashton/Documents/Developer/iOS/dcmtk-3.6.0/dcmpstat/include", "/Users/seanashton/Documents/Developer/iOS/dcmtk-3.6.0/dcmqrdb/include", "/Users/seanashton/Documents/Developer/iOS/dcmtk-3.6.0/dcmsign/include", "/Users/seanashton/Documents/Developer/iOS/dcmtk-3.6.0/dcmsr/include", "/Users/seanashton/Documents/Developer/iOS/dcmtk-3.6.0/dcmtls/include", "/Users/seanashton/Documents/Developer/iOS/dcmtk-3.6.0/dcmwlm/include", );
                            INSTALL_PATH = "";
                            OTHER_CFLAGS = "  ";
                            OTHER_LDFLAGS = " ";
                            OTHER_REZFLAGS = "";
                            PRODUCT_NAME = ALL_BUILD;
                            SECTORDER_FLAGS = "";
                            SYMROOT = "/Users/seanashton/Documents/Developer/iOS/dcmtk-3.6.0/xcode/dcmtls";
                            USE_HEADERMAP = NO;
                            WARNING_CFLAGS = ("-Wmost", "-Wno-four-char-constants", "-Wno-unknown-pragmas", "$(inherited)", );
                     };
                     name = Release;
              };
              3B31422528A742E29165E878 /* MinSizeRel */ = {
                     isa = XCBuildConfiguration;
                     buildSettings = {
                            COMBINE_HIDPI_IMAGES = YES;
                            GCC_GENERATE_DEBUGGING_SYMBOLS = NO;
                            GCC_INLINES_ARE_PRIVATE_EXTERN = NO;
                            GCC_OPTIMIZATION_LEVEL = 0;
                            GCC_PREPROCESSOR_DEFINITIONS = ("'CMAKE_INTDIR=\"$(CONFIGURATION)$(EFFECTIVE_PLATFORM_NAME)\"'", USE_NULL_SAFE_OFSTRING, );
                            GCC_SYMBOLS_PRIVATE_EXTERN = NO;
                            HEADER_SEARCH_PATHS = ("/Users/seanashton/Documents/Developer/iOS/dcmtk-3.6.0/xcode/include", "/Users/seanashton/Documents/Developer/iOS/dcmtk-3.6.0/ofstd/include", "/Users/seanashton/Documents/Developer/iOS/dcmtk-3.6.0/oflog/include", "/Users/seanashton/Documents/Developer/iOS/dcmtk-3.6.0/dcmdata/include", "/Users/seanashton/Documents/Developer/iOS/dcmtk-3.6.0/dcmimgle/include", "/Users/seanashton/Documents/Developer/iOS/dcmtk-3.6.0/dcmimage/include", "/Users/seanashton/Documents/Developer/iOS/dcmtk-3.6.0/dcmjpeg/libijg8", "/Users/seanashton/Documents/Developer/iOS/dcmtk-3.6.0/dcmjpeg/libijg12", "/Users/seanashton/Documents/Developer/iOS/dcmtk-3.6.0/dcmjpeg/libijg16", "/Users/seanashton/Documents/Developer/iOS/dcmtk-3.6.0/dcmjpeg/include", "/Users/seanashton/Documents/Developer/iOS/dcmtk-3.6.0/dcmjpls/include", "/Users/seanashton/Documents/Developer/iOS/dcmtk-3.6.0/dcmnet/include", "/Users/seanashton/Documents/Developer/iOS/dcmtk-3.6.0/dcmpstat/include", "/Users/seanashton/Documents/Developer/iOS/dcmtk-3.6.0/dcmqrdb/include", "/Users/seanashton/Documents/Developer/iOS/dcmtk-3.6.0/dcmsign/include", "/Users/seanashton/Documents/Developer/iOS/dcmtk-3.6.0/dcmsr/include", "/Users/seanashton/Documents/Developer/iOS/dcmtk-3.6.0/dcmtls/include", "/Users/seanashton/Documents/Developer/iOS/dcmtk-3.6.0/dcmwlm/include", );
                            INSTALL_PATH = "";
                            OTHER_CFLAGS = "  ";
                            OTHER_LDFLAGS = " ";
                            OTHER_REZFLAGS = "";
                            PRODUCT_NAME = ALL_BUILD;
                            SECTORDER_FLAGS = "";
                            SYMROOT = "/Users/seanashton/Documents/Developer/iOS/dcmtk-3.6.0/xcode/dcmtls";
                            USE_HEADERMAP = NO;
                            WARNING_CFLAGS = ("-Wmost", "-Wno-four-char-constants", "-Wno-unknown-pragmas", "$(inherited)", );
                     };
                     name = MinSizeRel;
              };
              5FED692F728445FE836D4FCD /* RelWithDebInfo */ = {
                     isa = XCBuildConfiguration;
                     buildSettings = {
                            COMBINE_HIDPI_IMAGES = YES;
                            GCC_GENERATE_DEBUGGING_SYMBOLS = NO;
                            GCC_INLINES_ARE_PRIVATE_EXTERN = NO;
                            GCC_OPTIMIZATION_LEVEL = 0;
                            GCC_PREPROCESSOR_DEFINITIONS = ("'CMAKE_INTDIR=\"$(CONFIGURATION)$(EFFECTIVE_PLATFORM_NAME)\"'", USE_NULL_SAFE_OFSTRING, );
                            GCC_SYMBOLS_PRIVATE_EXTERN = NO;
                            HEADER_SEARCH_PATHS = ("/Users/seanashton/Documents/Developer/iOS/dcmtk-3.6.0/xcode/include", "/Users/seanashton/Documents/Developer/iOS/dcmtk-3.6.0/ofstd/include", "/Users/seanashton/Documents/Developer/iOS/dcmtk-3.6.0/oflog/include", "/Users/seanashton/Documents/Developer/iOS/dcmtk-3.6.0/dcmdata/include", "/Users/seanashton/Documents/Developer/iOS/dcmtk-3.6.0/dcmimgle/include", "/Users/seanashton/Documents/Developer/iOS/dcmtk-3.6.0/dcmimage/include", "/Users/seanashton/Documents/Developer/iOS/dcmtk-3.6.0/dcmjpeg/libijg8", "/Users/seanashton/Documents/Developer/iOS/dcmtk-3.6.0/dcmjpeg/libijg12", "/Users/seanashton/Documents/Developer/iOS/dcmtk-3.6.0/dcmjpeg/libijg16", "/Users/seanashton/Documents/Developer/iOS/dcmtk-3.6.0/dcmjpeg/include", "/Users/seanashton/Documents/Developer/iOS/dcmtk-3.6.0/dcmjpls/include", "/Users/seanashton/Documents/Developer/iOS/dcmtk-3.6.0/dcmnet/include", "/Users/seanashton/Documents/Developer/iOS/dcmtk-3.6.0/dcmpstat/include", "/Users/seanashton/Documents/Developer/iOS/dcmtk-3.6.0/dcmqrdb/include", "/Users/seanashton/Documents/Developer/iOS/dcmtk-3.6.0/dcmsign/include", "/Users/seanashton/Documents/Developer/iOS/dcmtk-3.6.0/dcmsr/include", "/Users/seanashton/Documents/Developer/iOS/dcmtk-3.6.0/dcmtls/include", "/Users/seanashton/Documents/Developer/iOS/dcmtk-3.6.0/dcmwlm/include", );
                            INSTALL_PATH = "";
                            OTHER_CFLAGS = "  ";
                            OTHER_LDFLAGS = " ";
                            OTHER_REZFLAGS = "";
                            PRODUCT_NAME = ALL_BUILD;
                            SECTORDER_FLAGS = "";
                            SYMROOT = "/Users/seanashton/Documents/Developer/iOS/dcmtk-3.6.0/xcode/dcmtls";
                            USE_HEADERMAP = NO;
                            WARNING_CFLAGS = ("-Wmost", "-Wno-four-char-constants", "-Wno-unknown-pragmas", "$(inherited)", );
                     };
                     name = RelWithDebInfo;
              };
              73CB081D97ED42C99A009C7B /* Debug */ = {
                     isa = XCBuildConfiguration;
                     buildSettings = {
                            COMBINE_HIDPI_IMAGES = YES;
                            GCC_GENERATE_DEBUGGING_SYMBOLS = NO;
                            GCC_INLINES_ARE_PRIVATE_EXTERN = NO;
                            GCC_OPTIMIZATION_LEVEL = 0;
                            GCC_PREPROCESSOR_DEFINITIONS = ("'CMAKE_INTDIR=\"$(CONFIGURATION)$(EFFECTIVE_PLATFORM_NAME)\"'", USE_NULL_SAFE_OFSTRING, );
                            GCC_SYMBOLS_PRIVATE_EXTERN = NO;
                            HEADER_SEARCH_PATHS = ("/Users/seanashton/Documents/Developer/iOS/dcmtk-3.6.0/xcode/include", "/Users/seanashton/Documents/Developer/iOS/dcmtk-3.6.0/ofstd/include", "/Users/seanashton/Documents/Developer/iOS/dcmtk-3.6.0/oflog/include", "/Users/seanashton/Documents/Developer/iOS/dcmtk-3.6.0/dcmdata/include", "/Users/seanashton/Documents/Developer/iOS/dcmtk-3.6.0/dcmimgle/include", "/Users/seanashton/Documents/Developer/iOS/dcmtk-3.6.0/dcmimage/include", "/Users/seanashton/Documents/Developer/iOS/dcmtk-3.6.0/dcmjpeg/libijg8", "/Users/seanashton/Documents/Developer/iOS/dcmtk-3.6.0/dcmjpeg/libijg12", "/Users/seanashton/Documents/Developer/iOS/dcmtk-3.6.0/dcmjpeg/libijg16", "/Users/seanashton/Documents/Developer/iOS/dcmtk-3.6.0/dcmjpeg/include", "/Users/seanashton/Documents/Developer/iOS/dcmtk-3.6.0/dcmjpls/include", "/Users/seanashton/Documents/Developer/iOS/dcmtk-3.6.0/dcmnet/include", "/Users/seanashton/Documents/Developer/iOS/dcmtk-3.6.0/dcmpstat/include", "/Users/seanashton/Documents/Developer/iOS/dcmtk-3.6.0/dcmqrdb/include", "/Users/seanashton/Documents/Developer/iOS/dcmtk-3.6.0/dcmsign/include", "/Users/seanashton/Documents/Developer/iOS/dcmtk-3.6.0/dcmsr/include", "/Users/seanashton/Documents/Developer/iOS/dcmtk-3.6.0/dcmtls/include", "/Users/seanashton/Documents/Developer/iOS/dcmtk-3.6.0/dcmwlm/include", );
                            INSTALL_PATH = "";
                            OTHER_CFLAGS = "  ";
                            OTHER_LDFLAGS = " ";
                            OTHER_REZFLAGS = "";
                            PRODUCT_NAME = ZERO_CHECK;
                            SECTORDER_FLAGS = "";
                            SYMROOT = "/Users/seanashton/Documents/Developer/iOS/dcmtk-3.6.0/xcode/dcmtls";
                            USE_HEADERMAP = NO;
                            WARNING_CFLAGS = ("-Wmost", "-Wno-four-char-constants", "-Wno-unknown-pragmas", "$(inherited)", );
                     };
                     name = Debug;
              };
              B0365A3D243A45FC9FC87E34 /* Release */ = {
                     isa = XCBuildConfiguration;
                     buildSettings = {
                            COMBINE_HIDPI_IMAGES = YES;
                            GCC_GENERATE_DEBUGGING_SYMBOLS = NO;
                            GCC_INLINES_ARE_PRIVATE_EXTERN = NO;
                            GCC_OPTIMIZATION_LEVEL = 0;
                            GCC_PREPROCESSOR_DEFINITIONS = ("'CMAKE_INTDIR=\"$(CONFIGURATION)$(EFFECTIVE_PLATFORM_NAME)\"'", USE_NULL_SAFE_OFSTRING, );
                            GCC_SYMBOLS_PRIVATE_EXTERN = NO;
                            HEADER_SEARCH_PATHS = ("/Users/seanashton/Documents/Developer/iOS/dcmtk-3.6.0/xcode/include", "/Users/seanashton/Documents/Developer/iOS/dcmtk-3.6.0/ofstd/include", "/Users/seanashton/Documents/Developer/iOS/dcmtk-3.6.0/oflog/include", "/Users/seanashton/Documents/Developer/iOS/dcmtk-3.6.0/dcmdata/include", "/Users/seanashton/Documents/Developer/iOS/dcmtk-3.6.0/dcmimgle/include", "/Users/seanashton/Documents/Developer/iOS/dcmtk-3.6.0/dcmimage/include", "/Users/seanashton/Documents/Developer/iOS/dcmtk-3.6.0/dcmjpeg/libijg8", "/Users/seanashton/Documents/Developer/iOS/dcmtk-3.6.0/dcmjpeg/libijg12", "/Users/seanashton/Documents/Developer/iOS/dcmtk-3.6.0/dcmjpeg/libijg16", "/Users/seanashton/Documents/Developer/iOS/dcmtk-3.6.0/dcmjpeg/include", "/Users/seanashton/Documents/Developer/iOS/dcmtk-3.6.0/dcmjpls/include", "/Users/seanashton/Documents/Developer/iOS/dcmtk-3.6.0/dcmnet/include", "/Users/seanashton/Documents/Developer/iOS/dcmtk-3.6.0/dcmpstat/include", "/Users/seanashton/Documents/Developer/iOS/dcmtk-3.6.0/dcmqrdb/include", "/Users/seanashton/Documents/Developer/iOS/dcmtk-3.6.0/dcmsign/include", "/Users/seanashton/Documents/Developer/iOS/dcmtk-3.6.0/dcmsr/include", "/Users/seanashton/Documents/Developer/iOS/dcmtk-3.6.0/dcmtls/include", "/Users/seanashton/Documents/Developer/iOS/dcmtk-3.6.0/dcmwlm/include", );
                            INSTALL_PATH = "";
                            OTHER_CFLAGS = "  ";
                            OTHER_LDFLAGS = " ";
                            OTHER_REZFLAGS = "";
                            PRODUCT_NAME = ZERO_CHECK;
                            SECTORDER_FLAGS = "";
                            SYMROOT = "/Users/seanashton/Documents/Developer/iOS/dcmtk-3.6.0/xcode/dcmtls";
                            USE_HEADERMAP = NO;
                            WARNING_CFLAGS = ("-Wmost", "-Wno-four-char-constants", "-Wno-unknown-pragmas", "$(inherited)", );
                     };
                     name = Release;
              };
              78E47065779244E19295917D /* MinSizeRel */ = {
                     isa = XCBuildConfiguration;
                     buildSettings = {
                            COMBINE_HIDPI_IMAGES = YES;
                            GCC_GENERATE_DEBUGGING_SYMBOLS = NO;
                            GCC_INLINES_ARE_PRIVATE_EXTERN = NO;
                            GCC_OPTIMIZATION_LEVEL = 0;
                            GCC_PREPROCESSOR_DEFINITIONS = ("'CMAKE_INTDIR=\"$(CONFIGURATION)$(EFFECTIVE_PLATFORM_NAME)\"'", USE_NULL_SAFE_OFSTRING, );
                            GCC_SYMBOLS_PRIVATE_EXTERN = NO;
                            HEADER_SEARCH_PATHS = ("/Users/seanashton/Documents/Developer/iOS/dcmtk-3.6.0/xcode/include", "/Users/seanashton/Documents/Developer/iOS/dcmtk-3.6.0/ofstd/include", "/Users/seanashton/Documents/Developer/iOS/dcmtk-3.6.0/oflog/include", "/Users/seanashton/Documents/Developer/iOS/dcmtk-3.6.0/dcmdata/include", "/Users/seanashton/Documents/Developer/iOS/dcmtk-3.6.0/dcmimgle/include", "/Users/seanashton/Documents/Developer/iOS/dcmtk-3.6.0/dcmimage/include", "/Users/seanashton/Documents/Developer/iOS/dcmtk-3.6.0/dcmjpeg/libijg8", "/Users/seanashton/Documents/Developer/iOS/dcmtk-3.6.0/dcmjpeg/libijg12", "/Users/seanashton/Documents/Developer/iOS/dcmtk-3.6.0/dcmjpeg/libijg16", "/Users/seanashton/Documents/Developer/iOS/dcmtk-3.6.0/dcmjpeg/include", "/Users/seanashton/Documents/Developer/iOS/dcmtk-3.6.0/dcmjpls/include", "/Users/seanashton/Documents/Developer/iOS/dcmtk-3.6.0/dcmnet/include", "/Users/seanashton/Documents/Developer/iOS/dcmtk-3.6.0/dcmpstat/include", "/Users/seanashton/Documents/Developer/iOS/dcmtk-3.6.0/dcmqrdb/include", "/Users/seanashton/Documents/Developer/iOS/dcmtk-3.6.0/dcmsign/include", "/Users/seanashton/Documents/Developer/iOS/dcmtk-3.6.0/dcmsr/include", "/Users/seanashton/Documents/Developer/iOS/dcmtk-3.6.0/dcmtls/include", "/Users/seanashton/Documents/Developer/iOS/dcmtk-3.6.0/dcmwlm/include", );
                            INSTALL_PATH = "";
                            OTHER_CFLAGS = "  ";
                            OTHER_LDFLAGS = " ";
                            OTHER_REZFLAGS = "";
                            PRODUCT_NAME = ZERO_CHECK;
                            SECTORDER_FLAGS = "";
                            SYMROOT = "/Users/seanashton/Documents/Developer/iOS/dcmtk-3.6.0/xcode/dcmtls";
                            USE_HEADERMAP = NO;
                            WARNING_CFLAGS = ("-Wmost", "-Wno-four-char-constants", "-Wno-unknown-pragmas", "$(inherited)", );
                     };
                     name = MinSizeRel;
              };
              BC5BA31E97F749DAB0EFBA47 /* RelWithDebInfo */ = {
                     isa = XCBuildConfiguration;
                     buildSettings = {
                            COMBINE_HIDPI_IMAGES = YES;
                            GCC_GENERATE_DEBUGGING_SYMBOLS = NO;
                            GCC_INLINES_ARE_PRIVATE_EXTERN = NO;
                            GCC_OPTIMIZATION_LEVEL = 0;
                            GCC_PREPROCESSOR_DEFINITIONS = ("'CMAKE_INTDIR=\"$(CONFIGURATION)$(EFFECTIVE_PLATFORM_NAME)\"'", USE_NULL_SAFE_OFSTRING, );
                            GCC_SYMBOLS_PRIVATE_EXTERN = NO;
                            HEADER_SEARCH_PATHS = ("/Users/seanashton/Documents/Developer/iOS/dcmtk-3.6.0/xcode/include", "/Users/seanashton/Documents/Developer/iOS/dcmtk-3.6.0/ofstd/include", "/Users/seanashton/Documents/Developer/iOS/dcmtk-3.6.0/oflog/include", "/Users/seanashton/Documents/Developer/iOS/dcmtk-3.6.0/dcmdata/include", "/Users/seanashton/Documents/Developer/iOS/dcmtk-3.6.0/dcmimgle/include", "/Users/seanashton/Documents/Developer/iOS/dcmtk-3.6.0/dcmimage/include", "/Users/seanashton/Documents/Developer/iOS/dcmtk-3.6.0/dcmjpeg/libijg8", "/Users/seanashton/Documents/Developer/iOS/dcmtk-3.6.0/dcmjpeg/libijg12", "/Users/seanashton/Documents/Developer/iOS/dcmtk-3.6.0/dcmjpeg/libijg16", "/Users/seanashton/Documents/Developer/iOS/dcmtk-3.6.0/dcmjpeg/include", "/Users/seanashton/Documents/Developer/iOS/dcmtk-3.6.0/dcmjpls/include", "/Users/seanashton/Documents/Developer/iOS/dcmtk-3.6.0/dcmnet/include", "/Users/seanashton/Documents/Developer/iOS/dcmtk-3.6.0/dcmpstat/include", "/Users/seanashton/Documents/Developer/iOS/dcmtk-3.6.0/dcmqrdb/include", "/Users/seanashton/Documents/Developer/iOS/dcmtk-3.6.0/dcmsign/include", "/Users/seanashton/Documents/Developer/iOS/dcmtk-3.6.0/dcmsr/include", "/Users/seanashton/Documents/Developer/iOS/dcmtk-3.6.0/dcmtls/include", "/Users/seanashton/Documents/Developer/iOS/dcmtk-3.6.0/dcmwlm/include", );
                            INSTALL_PATH = "";
                            OTHER_CFLAGS = "  ";
                            OTHER_LDFLAGS = " ";
                            OTHER_REZFLAGS = "";
                            PRODUCT_NAME = ZERO_CHECK;
                            SECTORDER_FLAGS = "";
                            SYMROOT = "/Users/seanashton/Documents/Developer/iOS/dcmtk-3.6.0/xcode/dcmtls";
                            USE_HEADERMAP = NO;
                            WARNING_CFLAGS = ("-Wmost", "-Wno-four-char-constants", "-Wno-unknown-pragmas", "$(inherited)", );
                     };
                     name = RelWithDebInfo;
              };
              20EF055C08C34E0E92286944 /* Debug */ = {
                     isa = XCBuildConfiguration;
                     buildSettings = {
                            COMBINE_HIDPI_IMAGES = YES;
                            GCC_GENERATE_DEBUGGING_SYMBOLS = NO;
                            GCC_INLINES_ARE_PRIVATE_EXTERN = NO;
                            GCC_OPTIMIZATION_LEVEL = 0;
                            GCC_PREPROCESSOR_DEFINITIONS = ("'CMAKE_INTDIR=\"$(CONFIGURATION)$(EFFECTIVE_PLATFORM_NAME)\"'", );
                            GCC_SYMBOLS_PRIVATE_EXTERN = NO;
                            HEADER_SEARCH_PATHS = ("/Users/seanashton/Documents/Developer/iOS/dcmtk-3.6.0/xcode/include", "/Users/seanashton/Documents/Developer/iOS/dcmtk-3.6.0/ofstd/include", "/Users/seanashton/Documents/Developer/iOS/dcmtk-3.6.0/oflog/include", "/Users/seanashton/Documents/Developer/iOS/dcmtk-3.6.0/dcmdata/include", "/Users/seanashton/Documents/Developer/iOS/dcmtk-3.6.0/dcmimgle/include", "/Users/seanashton/Documents/Developer/iOS/dcmtk-3.6.0/dcmimage/include", "/Users/seanashton/Documents/Developer/iOS/dcmtk-3.6.0/dcmjpeg/libijg8", "/Users/seanashton/Documents/Developer/iOS/dcmtk-3.6.0/dcmjpeg/libijg12", "/Users/seanashton/Documents/Developer/iOS/dcmtk-3.6.0/dcmjpeg/libijg16", "/Users/seanashton/Documents/Developer/iOS/dcmtk-3.6.0/dcmjpeg/include", "/Users/seanashton/Documents/Developer/iOS/dcmtk-3.6.0/dcmjpls/include", "/Users/seanashton/Documents/Developer/iOS/dcmtk-3.6.0/dcmnet/include", "/Users/seanashton/Documents/Developer/iOS/dcmtk-3.6.0/dcmpstat/include", "/Users/seanashton/Documents/Developer/iOS/dcmtk-3.6.0/dcmqrdb/include", "/Users/seanashton/Documents/Developer/iOS/dcmtk-3.6.0/dcmsign/include", "/Users/seanashton/Documents/Developer/iOS/dcmtk-3.6.0/dcmsr/include", "/Users/seanashton/Documents/Developer/iOS/dcmtk-3.6.0/dcmtls/include", "/Users/seanashton/Documents/Developer/iOS/dcmtk-3.6.0/dcmwlm/include", );
                            INSTALL_PATH = "";
                            OTHER_CFLAGS = "  ";
                            OTHER_LDFLAGS = " ";
                            OTHER_REZFLAGS = "";
                            PRODUCT_NAME = install;
                            SECTORDER_FLAGS = "";
                            SYMROOT = "/Users/seanashton/Documents/Developer/iOS/dcmtk-3.6.0/xcode/dcmtls";
                            USE_HEADERMAP = NO;
                            WARNING_CFLAGS = ("-Wmost", "-Wno-four-char-constants", "-Wno-unknown-pragmas", "$(inherited)", );
                     };
                     name = Debug;
              };
              96BCB19A553E4131ADEF707A /* Release */ = {
                     isa = XCBuildConfiguration;
                     buildSettings = {
                            COMBINE_HIDPI_IMAGES = YES;
                            GCC_GENERATE_DEBUGGING_SYMBOLS = NO;
                            GCC_INLINES_ARE_PRIVATE_EXTERN = NO;
                            GCC_OPTIMIZATION_LEVEL = 0;
                            GCC_PREPROCESSOR_DEFINITIONS = ("'CMAKE_INTDIR=\"$(CONFIGURATION)$(EFFECTIVE_PLATFORM_NAME)\"'", );
                            GCC_SYMBOLS_PRIVATE_EXTERN = NO;
                            HEADER_SEARCH_PATHS = ("/Users/seanashton/Documents/Developer/iOS/dcmtk-3.6.0/xcode/include", "/Users/seanashton/Documents/Developer/iOS/dcmtk-3.6.0/ofstd/include", "/Users/seanashton/Documents/Developer/iOS/dcmtk-3.6.0/oflog/include", "/Users/seanashton/Documents/Developer/iOS/dcmtk-3.6.0/dcmdata/include", "/Users/seanashton/Documents/Developer/iOS/dcmtk-3.6.0/dcmimgle/include", "/Users/seanashton/Documents/Developer/iOS/dcmtk-3.6.0/dcmimage/include", "/Users/seanashton/Documents/Developer/iOS/dcmtk-3.6.0/dcmjpeg/libijg8", "/Users/seanashton/Documents/Developer/iOS/dcmtk-3.6.0/dcmjpeg/libijg12", "/Users/seanashton/Documents/Developer/iOS/dcmtk-3.6.0/dcmjpeg/libijg16", "/Users/seanashton/Documents/Developer/iOS/dcmtk-3.6.0/dcmjpeg/include", "/Users/seanashton/Documents/Developer/iOS/dcmtk-3.6.0/dcmjpls/include", "/Users/seanashton/Documents/Developer/iOS/dcmtk-3.6.0/dcmnet/include", "/Users/seanashton/Documents/Developer/iOS/dcmtk-3.6.0/dcmpstat/include", "/Users/seanashton/Documents/Developer/iOS/dcmtk-3.6.0/dcmqrdb/include", "/Users/seanashton/Documents/Developer/iOS/dcmtk-3.6.0/dcmsign/include", "/Users/seanashton/Documents/Developer/iOS/dcmtk-3.6.0/dcmsr/include", "/Users/seanashton/Documents/Developer/iOS/dcmtk-3.6.0/dcmtls/include", "/Users/seanashton/Documents/Developer/iOS/dcmtk-3.6.0/dcmwlm/include", );
                            INSTALL_PATH = "";
                            OTHER_CFLAGS = "  ";
                            OTHER_LDFLAGS = " ";
                            OTHER_REZFLAGS = "";
                            PRODUCT_NAME = install;
                            SECTORDER_FLAGS = "";
                            SYMROOT = "/Users/seanashton/Documents/Developer/iOS/dcmtk-3.6.0/xcode/dcmtls";
                            USE_HEADERMAP = NO;
                            WARNING_CFLAGS = ("-Wmost", "-Wno-four-char-constants", "-Wno-unknown-pragmas", "$(inherited)", );
                     };
                     name = Release;
              };
              BBCAE9A77E52450EB45DF049 /* MinSizeRel */ = {
                     isa = XCBuildConfiguration;
                     buildSettings = {
                            COMBINE_HIDPI_IMAGES = YES;
                            GCC_GENERATE_DEBUGGING_SYMBOLS = NO;
                            GCC_INLINES_ARE_PRIVATE_EXTERN = NO;
                            GCC_OPTIMIZATION_LEVEL = 0;
                            GCC_PREPROCESSOR_DEFINITIONS = ("'CMAKE_INTDIR=\"$(CONFIGURATION)$(EFFECTIVE_PLATFORM_NAME)\"'", );
                            GCC_SYMBOLS_PRIVATE_EXTERN = NO;
                            HEADER_SEARCH_PATHS = ("/Users/seanashton/Documents/Developer/iOS/dcmtk-3.6.0/xcode/include", "/Users/seanashton/Documents/Developer/iOS/dcmtk-3.6.0/ofstd/include", "/Users/seanashton/Documents/Developer/iOS/dcmtk-3.6.0/oflog/include", "/Users/seanashton/Documents/Developer/iOS/dcmtk-3.6.0/dcmdata/include", "/Users/seanashton/Documents/Developer/iOS/dcmtk-3.6.0/dcmimgle/include", "/Users/seanashton/Documents/Developer/iOS/dcmtk-3.6.0/dcmimage/include", "/Users/seanashton/Documents/Developer/iOS/dcmtk-3.6.0/dcmjpeg/libijg8", "/Users/seanashton/Documents/Developer/iOS/dcmtk-3.6.0/dcmjpeg/libijg12", "/Users/seanashton/Documents/Developer/iOS/dcmtk-3.6.0/dcmjpeg/libijg16", "/Users/seanashton/Documents/Developer/iOS/dcmtk-3.6.0/dcmjpeg/include", "/Users/seanashton/Documents/Developer/iOS/dcmtk-3.6.0/dcmjpls/include", "/Users/seanashton/Documents/Developer/iOS/dcmtk-3.6.0/dcmnet/include", "/Users/seanashton/Documents/Developer/iOS/dcmtk-3.6.0/dcmpstat/include", "/Users/seanashton/Documents/Developer/iOS/dcmtk-3.6.0/dcmqrdb/include", "/Users/seanashton/Documents/Developer/iOS/dcmtk-3.6.0/dcmsign/include", "/Users/seanashton/Documents/Developer/iOS/dcmtk-3.6.0/dcmsr/include", "/Users/seanashton/Documents/Developer/iOS/dcmtk-3.6.0/dcmtls/include", "/Users/seanashton/Documents/Developer/iOS/dcmtk-3.6.0/dcmwlm/include", );
                            INSTALL_PATH = "";
                            OTHER_CFLAGS = "  ";
                            OTHER_LDFLAGS = " ";
                            OTHER_REZFLAGS = "";
                            PRODUCT_NAME = install;
                            SECTORDER_FLAGS = "";
                            SYMROOT = "/Users/seanashton/Documents/Developer/iOS/dcmtk-3.6.0/xcode/dcmtls";
                            USE_HEADERMAP = NO;
                            WARNING_CFLAGS = ("-Wmost", "-Wno-four-char-constants", "-Wno-unknown-pragmas", "$(inherited)", );
                     };
                     name = MinSizeRel;
              };
              5A5B92ADD2A54993B9DC6D50 /* RelWithDebInfo */ = {
                     isa = XCBuildConfiguration;
                     buildSettings = {
                            COMBINE_HIDPI_IMAGES = YES;
                            GCC_GENERATE_DEBUGGING_SYMBOLS = NO;
                            GCC_INLINES_ARE_PRIVATE_EXTERN = NO;
                            GCC_OPTIMIZATION_LEVEL = 0;
                            GCC_PREPROCESSOR_DEFINITIONS = ("'CMAKE_INTDIR=\"$(CONFIGURATION)$(EFFECTIVE_PLATFORM_NAME)\"'", );
                            GCC_SYMBOLS_PRIVATE_EXTERN = NO;
                            HEADER_SEARCH_PATHS = ("/Users/seanashton/Documents/Developer/iOS/dcmtk-3.6.0/xcode/include", "/Users/seanashton/Documents/Developer/iOS/dcmtk-3.6.0/ofstd/include", "/Users/seanashton/Documents/Developer/iOS/dcmtk-3.6.0/oflog/include", "/Users/seanashton/Documents/Developer/iOS/dcmtk-3.6.0/dcmdata/include", "/Users/seanashton/Documents/Developer/iOS/dcmtk-3.6.0/dcmimgle/include", "/Users/seanashton/Documents/Developer/iOS/dcmtk-3.6.0/dcmimage/include", "/Users/seanashton/Documents/Developer/iOS/dcmtk-3.6.0/dcmjpeg/libijg8", "/Users/seanashton/Documents/Developer/iOS/dcmtk-3.6.0/dcmjpeg/libijg12", "/Users/seanashton/Documents/Developer/iOS/dcmtk-3.6.0/dcmjpeg/libijg16", "/Users/seanashton/Documents/Developer/iOS/dcmtk-3.6.0/dcmjpeg/include", "/Users/seanashton/Documents/Developer/iOS/dcmtk-3.6.0/dcmjpls/include", "/Users/seanashton/Documents/Developer/iOS/dcmtk-3.6.0/dcmnet/include", "/Users/seanashton/Documents/Developer/iOS/dcmtk-3.6.0/dcmpstat/include", "/Users/seanashton/Documents/Developer/iOS/dcmtk-3.6.0/dcmqrdb/include", "/Users/seanashton/Documents/Developer/iOS/dcmtk-3.6.0/dcmsign/include", "/Users/seanashton/Documents/Developer/iOS/dcmtk-3.6.0/dcmsr/include", "/Users/seanashton/Documents/Developer/iOS/dcmtk-3.6.0/dcmtls/include", "/Users/seanashton/Documents/Developer/iOS/dcmtk-3.6.0/dcmwlm/include", );
                            INSTALL_PATH = "";
                            OTHER_CFLAGS = "  ";
                            OTHER_LDFLAGS = " ";
                            OTHER_REZFLAGS = "";
                            PRODUCT_NAME = install;
                            SECTORDER_FLAGS = "";
                            SYMROOT = "/Users/seanashton/Documents/Developer/iOS/dcmtk-3.6.0/xcode/dcmtls";
                            USE_HEADERMAP = NO;
                            WARNING_CFLAGS = ("-Wmost", "-Wno-four-char-constants", "-Wno-unknown-pragmas", "$(inherited)", );
                     };
                     name = RelWithDebInfo;
              };
              F76FA6C16A584BAC85E8E6CF /* Debug */ = {
                     isa = XCBuildConfiguration;
                     buildSettings = {
                            COMBINE_HIDPI_IMAGES = YES;
                            EXECUTABLE_PREFIX = lib;
                            EXECUTABLE_SUFFIX = ".a";
                            GCC_GENERATE_DEBUGGING_SYMBOLS = YES;
                            GCC_INLINES_ARE_PRIVATE_EXTERN = NO;
                            GCC_OPTIMIZATION_LEVEL = 0;
                            GCC_PREPROCESSOR_DEFINITIONS = ("'CMAKE_INTDIR=\"$(CONFIGURATION)$(EFFECTIVE_PLATFORM_NAME)\"'", USE_NULL_SAFE_OFSTRING, );
                            GCC_SYMBOLS_PRIVATE_EXTERN = NO;
                            HEADER_SEARCH_PATHS = ("/Users/seanashton/Documents/Developer/iOS/dcmtk-3.6.0/xcode/include", "/Users/seanashton/Documents/Developer/iOS/dcmtk-3.6.0/ofstd/include", "/Users/seanashton/Documents/Developer/iOS/dcmtk-3.6.0/oflog/include", "/Users/seanashton/Documents/Developer/iOS/dcmtk-3.6.0/dcmdata/include", "/Users/seanashton/Documents/Developer/iOS/dcmtk-3.6.0/dcmimgle/include", "/Users/seanashton/Documents/Developer/iOS/dcmtk-3.6.0/dcmimage/include", "/Users/seanashton/Documents/Developer/iOS/dcmtk-3.6.0/dcmjpeg/libijg8", "/Users/seanashton/Documents/Developer/iOS/dcmtk-3.6.0/dcmjpeg/libijg12", "/Users/seanashton/Documents/Developer/iOS/dcmtk-3.6.0/dcmjpeg/libijg16", "/Users/seanashton/Documents/Developer/iOS/dcmtk-3.6.0/dcmjpeg/include", "/Users/seanashton/Documents/Developer/iOS/dcmtk-3.6.0/dcmjpls/include", "/Users/seanashton/Documents/Developer/iOS/dcmtk-3.6.0/dcmnet/include", "/Users/seanashton/Documents/Developer/iOS/dcmtk-3.6.0/dcmpstat/include", "/Users/seanashton/Documents/Developer/iOS/dcmtk-3.6.0/dcmqrdb/include", "/Users/seanashton/Documents/Developer/iOS/dcmtk-3.6.0/dcmsign/include", "/Users/seanashton/Documents/Developer/iOS/dcmtk-3.6.0/dcmsr/include", "/Users/seanashton/Documents/Developer/iOS/dcmtk-3.6.0/dcmtls/include", "/Users/seanashton/Documents/Developer/iOS/dcmtk-3.6.0/dcmwlm/include", );
                            INSTALL_PATH = "";
                            LIBRARY_STYLE = STATIC;
                            OTHER_CFLAGS = " -D_XOPEN_SOURCE_EXTENDED -D_BSD_SOURCE -D_BSD_COMPAT -D_OSF_SOURCE -D_DARWIN_C_SOURCE    -DDEBUG  ";
                            OTHER_CPLUSPLUSFLAGS = " -D_XOPEN_SOURCE_EXTENDED -D_BSD_SOURCE -D_BSD_COMPAT -D_OSF_SOURCE -D_DARWIN_C_SOURCE    -DDEBUG  ";
                            OTHER_LIBTOOLFLAGS = " ";
                            OTHER_REZFLAGS = "";
                            PRODUCT_NAME = dcmtls;
                            SECTORDER_FLAGS = "";
                            SYMROOT = "/Users/seanashton/Documents/Developer/iOS/dcmtk-3.6.0/xcode/dcmtls/libsrc";
                            USE_HEADERMAP = NO;
                            WARNING_CFLAGS = ("-Wmost", "-Wno-four-char-constants", "-Wno-unknown-pragmas", "$(inherited)", );
                     };
                     name = Debug;
              };
              FAF477785BA04F099BE57A51 /* Release */ = {
                     isa = XCBuildConfiguration;
                     buildSettings = {
                            COMBINE_HIDPI_IMAGES = YES;
                            EXECUTABLE_PREFIX = lib;
                            EXECUTABLE_SUFFIX = ".a";
                            GCC_GENERATE_DEBUGGING_SYMBOLS = NO;
                            GCC_INLINES_ARE_PRIVATE_EXTERN = NO;
                            GCC_OPTIMIZATION_LEVEL = 3;
                            GCC_PREPROCESSOR_DEFINITIONS = ("'CMAKE_INTDIR=\"$(CONFIGURATION)$(EFFECTIVE_PLATFORM_NAME)\"'", USE_NULL_SAFE_OFSTRING, );
                            GCC_SYMBOLS_PRIVATE_EXTERN = NO;
                            HEADER_SEARCH_PATHS = ("/Users/seanashton/Documents/Developer/iOS/dcmtk-3.6.0/xcode/include", "/Users/seanashton/Documents/Developer/iOS/dcmtk-3.6.0/ofstd/include", "/Users/seanashton/Documents/Developer/iOS/dcmtk-3.6.0/oflog/include", "/Users/seanashton/Documents/Developer/iOS/dcmtk-3.6.0/dcmdata/include", "/Users/seanashton/Documents/Developer/iOS/dcmtk-3.6.0/dcmimgle/include", "/Users/seanashton/Documents/Developer/iOS/dcmtk-3.6.0/dcmimage/include", "/Users/seanashton/Documents/Developer/iOS/dcmtk-3.6.0/dcmjpeg/libijg8", "/Users/seanashton/Documents/Developer/iOS/dcmtk-3.6.0/dcmjpeg/libijg12", "/Users/seanashton/Documents/Developer/iOS/dcmtk-3.6.0/dcmjpeg/libijg16", "/Users/seanashton/Documents/Developer/iOS/dcmtk-3.6.0/dcmjpeg/include", "/Users/seanashton/Documents/Developer/iOS/dcmtk-3.6.0/dcmjpls/include", "/Users/seanashton/Documents/Developer/iOS/dcmtk-3.6.0/dcmnet/include", "/Users/seanashton/Documents/Developer/iOS/dcmtk-3.6.0/dcmpstat/include", "/Users/seanashton/Documents/Developer/iOS/dcmtk-3.6.0/dcmqrdb/include", "/Users/seanashton/Documents/Developer/iOS/dcmtk-3.6.0/dcmsign/include", "/Users/seanashton/Documents/Developer/iOS/dcmtk-3.6.0/dcmsr/include", "/Users/seanashton/Documents/Developer/iOS/dcmtk-3.6.0/dcmtls/include", "/Users/seanashton/Documents/Developer/iOS/dcmtk-3.6.0/dcmwlm/include", );
                            INSTALL_PATH = "";
                            LIBRARY_STYLE = STATIC;
                            OTHER_CFLAGS = " -D_XOPEN_SOURCE_EXTENDED -D_BSD_SOURCE -D_BSD_COMPAT -D_OSF_SOURCE -D_DARWIN_C_SOURCE     -DNDEBUG  ";
                            OTHER_CPLUSPLUSFLAGS = " -D_XOPEN_SOURCE_EXTENDED -D_BSD_SOURCE -D_BSD_COMPAT -D_OSF_SOURCE -D_DARWIN_C_SOURCE     -DNDEBUG  ";
                            OTHER_LIBTOOLFLAGS = " ";
                            OTHER_REZFLAGS = "";
                            PRODUCT_NAME = dcmtls;
                            SECTORDER_FLAGS = "";
                            SYMROOT = "/Users/seanashton/Documents/Developer/iOS/dcmtk-3.6.0/xcode/dcmtls/libsrc";
                            USE_HEADERMAP = NO;
                            WARNING_CFLAGS = ("-Wmost", "-Wno-four-char-constants", "-Wno-unknown-pragmas", "$(inherited)", );
                     };
                     name = Release;
              };
              0CBAB21A2AFF43C2A68E7ED2 /* MinSizeRel */ = {
                     isa = XCBuildConfiguration;
                     buildSettings = {
                            COMBINE_HIDPI_IMAGES = YES;
                            EXECUTABLE_PREFIX = lib;
                            EXECUTABLE_SUFFIX = ".a";
                            GCC_GENERATE_DEBUGGING_SYMBOLS = NO;
                            GCC_INLINES_ARE_PRIVATE_EXTERN = NO;
                            GCC_OPTIMIZATION_LEVEL = s;
                            GCC_PREPROCESSOR_DEFINITIONS = ("'CMAKE_INTDIR=\"$(CONFIGURATION)$(EFFECTIVE_PLATFORM_NAME)\"'", USE_NULL_SAFE_OFSTRING, );
                            GCC_SYMBOLS_PRIVATE_EXTERN = NO;
                            HEADER_SEARCH_PATHS = ("/Users/seanashton/Documents/Developer/iOS/dcmtk-3.6.0/xcode/include", "/Users/seanashton/Documents/Developer/iOS/dcmtk-3.6.0/ofstd/include", "/Users/seanashton/Documents/Developer/iOS/dcmtk-3.6.0/oflog/include", "/Users/seanashton/Documents/Developer/iOS/dcmtk-3.6.0/dcmdata/include", "/Users/seanashton/Documents/Developer/iOS/dcmtk-3.6.0/dcmimgle/include", "/Users/seanashton/Documents/Developer/iOS/dcmtk-3.6.0/dcmimage/include", "/Users/seanashton/Documents/Developer/iOS/dcmtk-3.6.0/dcmjpeg/libijg8", "/Users/seanashton/Documents/Developer/iOS/dcmtk-3.6.0/dcmjpeg/libijg12", "/Users/seanashton/Documents/Developer/iOS/dcmtk-3.6.0/dcmjpeg/libijg16", "/Users/seanashton/Documents/Developer/iOS/dcmtk-3.6.0/dcmjpeg/include", "/Users/seanashton/Documents/Developer/iOS/dcmtk-3.6.0/dcmjpls/include", "/Users/seanashton/Documents/Developer/iOS/dcmtk-3.6.0/dcmnet/include", "/Users/seanashton/Documents/Developer/iOS/dcmtk-3.6.0/dcmpstat/include", "/Users/seanashton/Documents/Developer/iOS/dcmtk-3.6.0/dcmqrdb/include", "/Users/seanashton/Documents/Developer/iOS/dcmtk-3.6.0/dcmsign/include", "/Users/seanashton/Documents/Developer/iOS/dcmtk-3.6.0/dcmsr/include", "/Users/seanashton/Documents/Developer/iOS/dcmtk-3.6.0/dcmtls/include", "/Users/seanashton/Documents/Developer/iOS/dcmtk-3.6.0/dcmwlm/include", );
                            INSTALL_PATH = "";
                            LIBRARY_STYLE = STATIC;
                            OTHER_CFLAGS = " -D_XOPEN_SOURCE_EXTENDED -D_BSD_SOURCE -D_BSD_COMPAT -D_OSF_SOURCE -D_DARWIN_C_SOURCE     -DNDEBUG  ";
                            OTHER_CPLUSPLUSFLAGS = " -D_XOPEN_SOURCE_EXTENDED -D_BSD_SOURCE -D_BSD_COMPAT -D_OSF_SOURCE -D_DARWIN_C_SOURCE     -DNDEBUG  ";
                            OTHER_LIBTOOLFLAGS = " ";
                            OTHER_REZFLAGS = "";
                            PRODUCT_NAME = dcmtls;
                            SECTORDER_FLAGS = "";
                            SYMROOT = "/Users/seanashton/Documents/Developer/iOS/dcmtk-3.6.0/xcode/dcmtls/libsrc";
                            USE_HEADERMAP = NO;
                            WARNING_CFLAGS = ("-Wmost", "-Wno-four-char-constants", "-Wno-unknown-pragmas", "$(inherited)", );
                     };
                     name = MinSizeRel;
              };
              2EF25B2144004C4AB1493C62 /* RelWithDebInfo */ = {
                     isa = XCBuildConfiguration;
                     buildSettings = {
                            COMBINE_HIDPI_IMAGES = YES;
                            EXECUTABLE_PREFIX = lib;
                            EXECUTABLE_SUFFIX = ".a";
                            GCC_GENERATE_DEBUGGING_SYMBOLS = YES;
                            GCC_INLINES_ARE_PRIVATE_EXTERN = NO;
                            GCC_OPTIMIZATION_LEVEL = 2;
                            GCC_PREPROCESSOR_DEFINITIONS = ("'CMAKE_INTDIR=\"$(CONFIGURATION)$(EFFECTIVE_PLATFORM_NAME)\"'", USE_NULL_SAFE_OFSTRING, );
                            GCC_SYMBOLS_PRIVATE_EXTERN = NO;
                            HEADER_SEARCH_PATHS = ("/Users/seanashton/Documents/Developer/iOS/dcmtk-3.6.0/xcode/include", "/Users/seanashton/Documents/Developer/iOS/dcmtk-3.6.0/ofstd/include", "/Users/seanashton/Documents/Developer/iOS/dcmtk-3.6.0/oflog/include", "/Users/seanashton/Documents/Developer/iOS/dcmtk-3.6.0/dcmdata/include", "/Users/seanashton/Documents/Developer/iOS/dcmtk-3.6.0/dcmimgle/include", "/Users/seanashton/Documents/Developer/iOS/dcmtk-3.6.0/dcmimage/include", "/Users/seanashton/Documents/Developer/iOS/dcmtk-3.6.0/dcmjpeg/libijg8", "/Users/seanashton/Documents/Developer/iOS/dcmtk-3.6.0/dcmjpeg/libijg12", "/Users/seanashton/Documents/Developer/iOS/dcmtk-3.6.0/dcmjpeg/libijg16", "/Users/seanashton/Documents/Developer/iOS/dcmtk-3.6.0/dcmjpeg/include", "/Users/seanashton/Documents/Developer/iOS/dcmtk-3.6.0/dcmjpls/include", "/Users/seanashton/Documents/Developer/iOS/dcmtk-3.6.0/dcmnet/include", "/Users/seanashton/Documents/Developer/iOS/dcmtk-3.6.0/dcmpstat/include", "/Users/seanashton/Documents/Developer/iOS/dcmtk-3.6.0/dcmqrdb/include", "/Users/seanashton/Documents/Developer/iOS/dcmtk-3.6.0/dcmsign/include", "/Users/seanashton/Documents/Developer/iOS/dcmtk-3.6.0/dcmsr/include", "/Users/seanashton/Documents/Developer/iOS/dcmtk-3.6.0/dcmtls/include", "/Users/seanashton/Documents/Developer/iOS/dcmtk-3.6.0/dcmwlm/include", );
                            INSTALL_PATH = "";
                            LIBRARY_STYLE = STATIC;
                            OTHER_CFLAGS = " -D_XOPEN_SOURCE_EXTENDED -D_BSD_SOURCE -D_BSD_COMPAT -D_OSF_SOURCE -D_DARWIN_C_SOURCE        -DNDEBUG  ";
                            OTHER_CPLUSPLUSFLAGS = " -D_XOPEN_SOURCE_EXTENDED -D_BSD_SOURCE -D_BSD_COMPAT -D_OSF_SOURCE -D_DARWIN_C_SOURCE        -DNDEBUG  ";
                            OTHER_LIBTOOLFLAGS = " ";
                            OTHER_REZFLAGS = "";
                            PRODUCT_NAME = dcmtls;
                            SECTORDER_FLAGS = "";
                            SYMROOT = "/Users/seanashton/Documents/Developer/iOS/dcmtk-3.6.0/xcode/dcmtls/libsrc";
                            USE_HEADERMAP = NO;
                            WARNING_CFLAGS = ("-Wmost", "-Wno-four-char-constants", "-Wno-unknown-pragmas", "$(inherited)", );
                     };
                     name = RelWithDebInfo;
              };
/* End XCBuildConfiguration section */

/* Begin XCConfigurationList section */
              57CE23FD9EA641AAA9039A53 /* Build configuration list for PBXProject  "dcmtls" */ = {
                     isa = XCConfigurationList;
                     buildConfigurations = (
                            5BCC222269FE4708995160F1 /* Debug */,
                            F2F7CD82FA2444A28C298AE0 /* Release */,
                            B21F82F7109045838868F37D /* MinSizeRel */,
                            05D4D5B2E7664DDFB4D88A9B /* RelWithDebInfo */,
                     );
                     defaultConfigurationIsVisible = 0;
                     defaultConfigurationName = Debug;
              };
              CE7BAD4E3A3C4072A656A951 /* Build configuration list for PBXAggregateTarget "ALL_BUILD" */ = {
                     isa = XCConfigurationList;
                     buildConfigurations = (
                            6138B06443B54418A9F6E4A2 /* Debug */,
                            7F7B708FDA414F7DB165943D /* Release */,
                            3B31422528A742E29165E878 /* MinSizeRel */,
                            5FED692F728445FE836D4FCD /* RelWithDebInfo */,
                     );
                     defaultConfigurationIsVisible = 0;
                     defaultConfigurationName = Debug;
              };
              C0472FE7369A43BFA8F74486 /* Build configuration list for PBXAggregateTarget "ZERO_CHECK" */ = {
                     isa = XCConfigurationList;
                     buildConfigurations = (
                            73CB081D97ED42C99A009C7B /* Debug */,
                            B0365A3D243A45FC9FC87E34 /* Release */,
                            78E47065779244E19295917D /* MinSizeRel */,
                            BC5BA31E97F749DAB0EFBA47 /* RelWithDebInfo */,
                     );
                     defaultConfigurationIsVisible = 0;
                     defaultConfigurationName = Debug;
              };
              799DEF824AD84694A5DD29DC /* Build configuration list for PBXAggregateTarget "install" */ = {
                     isa = XCConfigurationList;
                     buildConfigurations = (
                            20EF055C08C34E0E92286944 /* Debug */,
                            96BCB19A553E4131ADEF707A /* Release */,
                            BBCAE9A77E52450EB45DF049 /* MinSizeRel */,
                            5A5B92ADD2A54993B9DC6D50 /* RelWithDebInfo */,
                     );
                     defaultConfigurationIsVisible = 0;
                     defaultConfigurationName = Debug;
              };
              F1348AE1867E4550AB430680 /* Build configuration list for PBXNativeTarget "dcmtls" */ = {
                     isa = XCConfigurationList;
                     buildConfigurations = (
                            F76FA6C16A584BAC85E8E6CF /* Debug */,
                            FAF477785BA04F099BE57A51 /* Release */,
                            0CBAB21A2AFF43C2A68E7ED2 /* MinSizeRel */,
                            2EF25B2144004C4AB1493C62 /* RelWithDebInfo */,
                     );
                     defaultConfigurationIsVisible = 0;
                     defaultConfigurationName = Debug;
              };
/* End XCConfigurationList section */
       };
       rootObject = D14DC358FD204C78B9266FA1;
}
